
Microsoft Visual Studio Solution File, Format Version 12.00
# Visual Studio Version 17
VisualStudioVersion = 17.7.34202.233
MinimumVisualStudioVersion = 10.0.40219.1
Project("{FAE04EC0-301F-11D3-BF4B-00C04F79EFBC}") = "WpfApp1", "WpfApp1\WpfApp1.csproj", "{430A29A5-28D4-4EB8-A968-19B3D56670BD}"
EndProject
Project("{FAE04EC0-301F-11D3-BF4B-00C04F79EFBC}") = "LabControls", "LabControls\LabControls.csproj", "{60EC9D95-FA68-439D-A8BE-4A67C254FC31}"
EndProject
Global
	GlobalSection(SolutionConfigurationPlatforms) = preSolution
		Debug|Any CPU = Debug|Any CPU
		Release|Any CPU = Release|Any CPU
	EndGlobalSection
	GlobalSection(ProjectConfigurationPlatforms) = postSolution
		{430A29A5-28D4-4EB8-A968-19B3D56670BD}.Debug|Any CPU.ActiveCfg = Debug|Any CPU
		{430A29A5-28D4-4EB8-A968-19B3D56670BD}.Debug|Any CPU.Build.0 = Debug|Any CPU
		{430A29A5-28D4-4EB8-A968-19B3D56670BD}.Release|Any CPU.ActiveCfg = Release|Any CPU
		{430A29A5-28D4-4EB8-A968-19B3D56670BD}.Release|Any CPU.Build.0 = Release|Any CPU
		{60EC9D95-FA68-439D-A8BE-4A67C254FC31}.Debug|Any CPU.ActiveCfg = Debug|Any CPU
		{60EC9D95-FA68-439D-A8BE-4A67C254FC31}.Debug|Any CPU.Build.0 = Debug|Any CPU
		{60EC9D95-FA68-439D-A8BE-4A67C254FC31}.Release|Any CPU.ActiveCfg = Release|Any CPU
		{60EC9D95-FA68-439D-A8BE-4A67C254FC31}.Release|Any CPU.Build.0 = Release|Any CPU
	EndGlobalSection
	GlobalSection(SolutionProperties) = preSolution
		HideSolutionNode = FALSE
	EndGlobalSection
	GlobalSection(ExtensibilityGlobals) = postSolution
		SolutionGuid = {D8ECE50B-12BF-4E3B-B1D5-8E02A41AE3E2}
	EndGlobalSection
EndGlobal
